
Microsoft Visual Studio Solution File, Format Version 12.00
# Visual Studio Version 17
VisualStudioVersion = 17.4.33213.308
MinimumVisualStudioVersion = 10.0.40219.1
Project("{FAE04EC0-301F-11D3-BF4B-00C04F79EFBC}") = "WorkerServiceTestListener", "WorkerServiceTestListener\WorkerServiceTestListener.csproj", "{6A8DA0B4-B709-482A-A0C0-D04FC7FAE61E}"
EndProject
Global
	GlobalSection(SolutionConfigurationPlatforms) = preSolution
		Debug|Any CPU = Debug|Any CPU
		Release|Any CPU = Release|Any CPU
	EndGlobalSection
	GlobalSection(ProjectConfigurationPlatforms) = postSolution
		{6A8DA0B4-B709-482A-A0C0-D04FC7FAE61E}.Debug|Any CPU.ActiveCfg = Debug|Any CPU
		{6A8DA0B4-B709-482A-A0C0-D04FC7FAE61E}.Debug|Any CPU.Build.0 = Debug|Any CPU
		{6A8DA0B4-B709-482A-A0C0-D04FC7FAE61E}.Release|Any CPU.ActiveCfg = Release|Any CPU
		{6A8DA0B4-B709-482A-A0C0-D04FC7FAE61E}.Release|Any CPU.Build.0 = Release|Any CPU
	EndGlobalSection
	GlobalSection(SolutionProperties) = preSolution
		HideSolutionNode = FALSE
	EndGlobalSection
	GlobalSection(ExtensibilityGlobals) = postSolution
		SolutionGuid = {368BD61B-71A4-4317-B331-171ED8F9C86E}
	EndGlobalSection
EndGlobal
